<?xml version="1.0" encoding="utf-8"?>
<Project ToolsVersion="4.0" xmlns="http://schemas.microsoft.com/developer/msbuild/2003">
  <ItemGroup>
    <Filter Include="Source Files">
      <UniqueIdentifier>{4FC737F1-C7A5-4376-A066-2A32D752A2FF}</UniqueIdentifier>
      <Extensions>cpp;c;cc;cxx;c++;cppm;ixx;def;odl;idl;hpj;bat;asm;asmx</Extensions>
    </Filter>
    <Filter Include="Header Files">
      <UniqueIdentifier>{93995380-89BD-4b04-88EB-625FBE52EBFB}</UniqueIdentifier>
      <Extensions>h;hh;hpp;hxx;h++;hm;inl;inc;ipp;xsd</Extensions>
    </Filter>
    <Filter Include="Resource Files">
      <UniqueIdentifier>{67DA6AB6-F800-4c08-8B7A-83BB121AAD01}</UniqueIdentifier>
      <Extensions>rc;ico;cur;bmp;dlg;rc2;rct;bin;rgs;gif;jpg;jpeg;jpe;resx;tiff;tif;png;wav;mfcribbon-ms</Extensions>
    </Filter>
  </ItemGroup>
  <ItemGroup>
    <ClCompile Include="App\main.cpp">
      <Filter>Source Files</Filter>
    </ClCompile>
    <ClCompile Include="App\App.cpp">
      <Filter>Source Files</Filter>
    </ClCompile>
    <ClCompile Include="Windows\Window.cpp">
      <Filter>Source Files</Filter>
    </ClCompile>
    <ClCompile Include="Input\Mouse.cpp">
      <Filter>Source Files</Filter>
    </ClCompile>
    <ClCompile Include="Input\Keyboard.cpp">
      <Filter>Source Files</Filter>
    </ClCompile>
    <ClCompile Include="Graphics\Graphics.cpp">
      <Filter>Source Files</Filter>
    </ClCompile>
    <ClCompile Include="Graphics\D3DGraphics.cpp">
      <Filter>Source Files</Filter>
    </ClCompile>
    <ClCompile Include="ErrorHandle\CustomException.cpp">
      <Filter>Source Files</Filter>
    </ClCompile>
    <ClCompile Include="ErrorHandle\DxgiInfoManager.cpp">
      <Filter>Source Files</Filter>
    </ClCompile>
    <ClCompile Include="Objects\Camera.cpp">
      <Filter>Source Files</Filter>
    </ClCompile>
    <ClCompile Include="Objects\Model.cpp">
      <Filter>Source Files</Filter>
    </ClCompile>
    <ClCompile Include="Shaders\SolidColorShader.cpp">
      <Filter>Source Files</Filter>
    </ClCompile>
    <ClCompile Include="Utils\GameTimer.cpp">
      <Filter>Source Files</Filter>
    </ClCompile>
    <ClCompile Include="Utils\Surface.cpp">
      <Filter>Source Files</Filter>
    </ClCompile>
    <ClCompile Include="Utils\StringUtils.cpp">
      <Filter>Source Files</Filter>
    </ClCompile>
    <ClCompile Include="dxerr\dxerr.cpp">
      <Filter>Source Files</Filter>
    </ClCompile>
    <ClCompile Include="Graphics\Texture.cpp">
      <Filter>Source Files</Filter>
    </ClCompile>
    <ClCompile Include="Shaders\TextureShader.cpp">
      <Filter>Source Files</Filter>
    </ClCompile>
    <ClCompile Include="imgui\imgui.cpp">
      <Filter>Source Files</Filter>
    </ClCompile>
    <ClCompile Include="imgui\imgui_demo.cpp">
      <Filter>Source Files</Filter>
    </ClCompile>
    <ClCompile Include="imgui\imgui_draw.cpp">
      <Filter>Source Files</Filter>
    </ClCompile>
    <ClCompile Include="imgui\imgui_impl_dx11.cpp">
      <Filter>Source Files</Filter>
    </ClCompile>
    <ClCompile Include="imgui\imgui_impl_win32.cpp">
      <Filter>Source Files</Filter>
    </ClCompile>
    <ClCompile Include="imgui\imgui_tables.cpp">
      <Filter>Source Files</Filter>
    </ClCompile>
    <ClCompile Include="imgui\imgui_widgets.cpp">
      <Filter>Source Files</Filter>
    </ClCompile>
    <ClCompile Include="Utils\ImguiMananger.cpp">
      <Filter>Source Files</Filter>
    </ClCompile>
    <ClCompile Include="Shaders\LightShader.cpp">
      <Filter>Source Files</Filter>
    </ClCompile>
    <ClCompile Include="Objects\Light.cpp">
      <Filter>Source Files</Filter>
    </ClCompile>
    <ClCompile Include="ErrorHandle\StandardException.cpp">
      <Filter>Source Files</Filter>
    </ClCompile>
    <ClCompile Include="Objects\Bitmap.cpp">
      <Filter>Source Files</Filter>
    </ClCompile>
    <ClCompile Include="Graphics\D2DGraphics.cpp">
      <Filter>Source Files</Filter>
    </ClCompile>
    <ClCompile Include="Sound\DXSound.cpp">
      <Filter>Source Files</Filter>
    </ClCompile>
    <ClCompile Include="Utils\FpsCalculator.cpp">
      <Filter>Source Files</Filter>
    </ClCompile>
    <ClCompile Include="Utils\CpuUsageCalculator.cpp">
      <Filter>Source Files</Filter>
    </ClCompile>
    <ClCompile Include="Utils\Frustum.cpp">
      <Filter>Source Files</Filter>
    </ClCompile>
    <ClCompile Include="Objects\ModelList.cpp">
      <Filter>Source Files</Filter>
    </ClCompile>
    <ClCompile Include="Shaders\MultiTextureShader.cpp">
      <Filter>Source Files</Filter>
    </ClCompile>
    <ClCompile Include="Graphics\TextureArray.cpp">
      <Filter>Source Files</Filter>
    </ClCompile>
    <ClCompile Include="Shaders\LightMapShader.cpp">
      <Filter>Source Files</Filter>
    </ClCompile>
    <ClCompile Include="Shaders\AlphaMapShader.cpp">
      <Filter>Source Files</Filter>
    </ClCompile>
    <ClCompile Include="Shaders\NormalMapShader.cpp">
      <Filter>Source Files</Filter>
    </ClCompile>
    <ClCompile Include="Shaders\SpecularMapShader.cpp">
      <Filter>Source Files</Filter>
    </ClCompile>
    <ClCompile Include="Graphics\RenderToTexture.cpp">
      <Filter>Source Files</Filter>
    </ClCompile>
    <ClCompile Include="Graphics\DebugWindow.cpp">
      <Filter>Source Files</Filter>
    </ClCompile>
    <ClCompile Include="Shaders\FogShader.cpp">
      <Filter>Source Files</Filter>
    </ClCompile>
    <ClCompile Include="Shaders\ClipPlaneShader.cpp">
      <Filter>Source Files</Filter>
    </ClCompile>
    <ClCompile Include="Shaders\TranslateShader.cpp">
      <Filter>Source Files</Filter>
    </ClCompile>
    <ClCompile Include="Shaders\TransparentShader.cpp">
      <Filter>Source Files</Filter>
    </ClCompile>
    <ClCompile Include="Shaders\ReflectionShader.cpp">
      <Filter>Source Files</Filter>
    </ClCompile>
    <ClCompile Include="Shaders\FadeShader.cpp">
      <Filter>Source Files</Filter>
    </ClCompile>
    <ClCompile Include="Shaders\WaterShader.cpp">
      <Filter>Source Files</Filter>
    </ClCompile>
    <ClCompile Include="Shaders\RefractionShader.cpp">
      <Filter>Source Files</Filter>
    </ClCompile>
    <ClCompile Include="Shaders\PointLightShader.cpp">
      <Filter>Source Files</Filter>
    </ClCompile>
    <ClCompile Include="Shaders\GlassShader.cpp">
      <Filter>Source Files</Filter>
    </ClCompile>
    <ClCompile Include="Shaders\FireShader.cpp">
      <Filter>Source Files</Filter>
    </ClCompile>
    <ClCompile Include="Shaders\DepthShader.cpp">
      <Filter>Source Files</Filter>
    </ClCompile>
    <ClCompile Include="Shaders\HorizontalBlurShader.cpp">
      <Filter>Source Files</Filter>
    </ClCompile>
    <ClCompile Include="Shaders\VerticalBlurShader.cpp">
      <Filter>Source Files</Filter>
    </ClCompile>
    <ClCompile Include="Objects\OrthoWindow.cpp">
      <Filter>Source Files</Filter>
    </ClCompile>
    <ClCompile Include="Objects\InstanceModel.cpp">
      <Filter>Source Files</Filter>
    </ClCompile>
    <ClCompile Include="Shaders\InstanceTextureShader.cpp">
      <Filter>Source Files</Filter>
    </ClCompile>
    <ClCompile Include="Shaders\TSColorShader.cpp">
      <Filter>Source Files</Filter>
    </ClCompile>
    <ClCompile Include="Objects\TS_TestModel.cpp">
      <Filter>Source Files</Filter>
    </ClCompile>
    <ClCompile Include="Graphics\ParticleSystem.cpp">
      <Filter>Source Files</Filter>
    </ClCompile>
    <ClCompile Include="Shaders\ParticleShader.cpp">
      <Filter>Source Files</Filter>
    </ClCompile>
    <ClCompile Include="Shaders\ShadowShader.cpp">
      <Filter>Source Files</Filter>
    </ClCompile>
  </ItemGroup>
  <ItemGroup>
    <ClInclude Include="App\App.h">
      <Filter>Header Files</Filter>
    </ClInclude>
    <ClInclude Include="Windows\WindowsHeaders.h">
      <Filter>Header Files</Filter>
    </ClInclude>
    <ClInclude Include="Windows\Window.h">
      <Filter>Header Files</Filter>
    </ClInclude>
    <ClInclude Include="Input\Keyboard.h">
      <Filter>Header Files</Filter>
    </ClInclude>
    <ClInclude Include="Input\Mouse.h">
      <Filter>Header Files</Filter>
    </ClInclude>
    <ClInclude Include="Graphics\Graphics.h">
      <Filter>Header Files</Filter>
    </ClInclude>
    <ClInclude Include="Graphics\D3DGraphics.h">
      <Filter>Header Files</Filter>
    </ClInclude>
    <ClInclude Include="ErrorHandle\WindowsExceptionMacros.h">
      <Filter>Header Files</Filter>
    </ClInclude>
    <ClInclude Include="ErrorHandle\D3DGraphicsExceptionMacros.h">
      <Filter>Header Files</Filter>
    </ClInclude>
    <ClInclude Include="ErrorHandle\CustomException.h">
      <Filter>Header Files</Filter>
    </ClInclude>
    <ClInclude Include="ErrorHandle\DxgiInfoManager.h">
      <Filter>Header Files</Filter>
    </ClInclude>
    <ClInclude Include="Objects\Camera.h">
      <Filter>Header Files</Filter>
    </ClInclude>
    <ClInclude Include="Objects\Model.h">
      <Filter>Header Files</Filter>
    </ClInclude>
    <ClInclude Include="Shaders\SolidColorShader.h">
      <Filter>Header Files</Filter>
    </ClInclude>
    <ClInclude Include="Utils\GameTimer.h">
      <Filter>Header Files</Filter>
    </ClInclude>
    <ClInclude Include="Utils\Surface.h">
      <Filter>Header Files</Filter>
    </ClInclude>
    <ClInclude Include="Utils\StringUtils.h">
      <Filter>Header Files</Filter>
    </ClInclude>
    <ClInclude Include="dxtex\include\dxtex\BC.h">
      <Filter>Header Files</Filter>
    </ClInclude>
    <ClInclude Include="dxtex\include\dxtex\BCDirectCompute.h">
      <Filter>Header Files</Filter>
    </ClInclude>
    <ClInclude Include="dxtex\include\dxtex\d3dx12.h">
      <Filter>Header Files</Filter>
    </ClInclude>
    <ClInclude Include="dxtex\include\dxtex\DDS.h">
      <Filter>Header Files</Filter>
    </ClInclude>
    <ClInclude Include="dxtex\include\dxtex\DirectXTex.h">
      <Filter>Header Files</Filter>
    </ClInclude>
    <ClInclude Include="dxtex\include\dxtex\DirectXTexP.h">
      <Filter>Header Files</Filter>
    </ClInclude>
    <ClInclude Include="dxtex\include\dxtex\filters.h">
      <Filter>Header Files</Filter>
    </ClInclude>
    <ClInclude Include="dxtex\include\dxtex\scoped.h">
      <Filter>Header Files</Filter>
    </ClInclude>
    <ClInclude Include="dxtex\BC.h">
      <Filter>Header Files</Filter>
    </ClInclude>
    <ClInclude Include="dxtex\BCDirectCompute.h">
      <Filter>Header Files</Filter>
    </ClInclude>
    <ClInclude Include="dxtex\d3dx12.h">
      <Filter>Header Files</Filter>
    </ClInclude>
    <ClInclude Include="dxtex\DDS.h">
      <Filter>Header Files</Filter>
    </ClInclude>
    <ClInclude Include="dxtex\DirectXTex.h">
      <Filter>Header Files</Filter>
    </ClInclude>
    <ClInclude Include="dxtex\DirectXTexP.h">
      <Filter>Header Files</Filter>
    </ClInclude>
    <ClInclude Include="dxtex\filters.h">
      <Filter>Header Files</Filter>
    </ClInclude>
    <ClInclude Include="dxtex\scoped.h">
      <Filter>Header Files</Filter>
    </ClInclude>
    <ClInclude Include="dxerr\dxerr.h">
      <Filter>Header Files</Filter>
    </ClInclude>
    <ClInclude Include="Graphics\Texture.h">
      <Filter>Header Files</Filter>
    </ClInclude>
    <ClInclude Include="Shaders\TextureShader.h">
      <Filter>Header Files</Filter>
    </ClInclude>
    <ClInclude Include="imgui\imconfig.h">
      <Filter>Header Files</Filter>
    </ClInclude>
    <ClInclude Include="imgui\imgui.h">
      <Filter>Header Files</Filter>
    </ClInclude>
    <ClInclude Include="imgui\imgui_impl_dx11.h">
      <Filter>Header Files</Filter>
    </ClInclude>
    <ClInclude Include="imgui\imgui_impl_win32.h">
      <Filter>Header Files</Filter>
    </ClInclude>
    <ClInclude Include="imgui\imgui_internal.h">
      <Filter>Header Files</Filter>
    </ClInclude>
    <ClInclude Include="imgui\imstb_rectpack.h">
      <Filter>Header Files</Filter>
    </ClInclude>
    <ClInclude Include="imgui\imstb_textedit.h">
      <Filter>Header Files</Filter>
    </ClInclude>
    <ClInclude Include="imgui\imstb_truetype.h">
      <Filter>Header Files</Filter>
    </ClInclude>
    <ClInclude Include="Utils\ImguiManager.h">
      <Filter>Header Files</Filter>
    </ClInclude>
    <ClInclude Include="Utils\CustomMath.h">
      <Filter>Header Files</Filter>
    </ClInclude>
    <ClInclude Include="Shaders\LightShader.h">
      <Filter>Header Files</Filter>
    </ClInclude>
    <ClInclude Include="Objects\Light.h">
      <Filter>Header Files</Filter>
    </ClInclude>
    <ClInclude Include="ErrorHandle\StandardException.h">
      <Filter>Header Files</Filter>
    </ClInclude>
    <ClInclude Include="Utils\ObjFileLoader.h">
      <Filter>Header Files</Filter>
    </ClInclude>
    <ClInclude Include="Objects\Bitmap.h">
      <Filter>Header Files</Filter>
    </ClInclude>
    <ClInclude Include="Graphics\D2DGraphics.h">
      <Filter>Header Files</Filter>
    </ClInclude>
    <ClInclude Include="ErrorHandle\D2DGraphicsExceptionMacros.h">
      <Filter>Header Files</Filter>
    </ClInclude>
    <ClInclude Include="Sound\DXSound.h">
      <Filter>Header Files</Filter>
    </ClInclude>
    <ClInclude Include="ErrorHandle\DirectSoundExceptionMacros.h">
      <Filter>Header Files</Filter>
    </ClInclude>
    <ClInclude Include="Utils\FpsCalculator.h">
      <Filter>Header Files</Filter>
    </ClInclude>
    <ClInclude Include="Utils\CpuUsageCalculator.h">
      <Filter>Header Files</Filter>
    </ClInclude>
    <ClInclude Include="Utils\Frustum.h">
      <Filter>Header Files</Filter>
    </ClInclude>
    <ClInclude Include="Objects\ModelList.h">
      <Filter>Header Files</Filter>
    </ClInclude>
    <ClInclude Include="Shaders\MultiTextureShader.h">
      <Filter>Header Files</Filter>
    </ClInclude>
    <ClInclude Include="Graphics\TextureArray.h">
      <Filter>Header Files</Filter>
    </ClInclude>
    <ClInclude Include="Shaders\LightMapShader.h">
      <Filter>Header Files</Filter>
    </ClInclude>
    <ClInclude Include="Shaders\AlphaMapShader.h">
      <Filter>Header Files</Filter>
    </ClInclude>
    <ClInclude Include="Shaders\NormalMapShader.h">
      <Filter>Header Files</Filter>
    </ClInclude>
    <ClInclude Include="Shaders\SpecularMapShader.h">
      <Filter>Header Files</Filter>
    </ClInclude>
    <ClInclude Include="Graphics\RenderToTexture.h">
      <Filter>Header Files</Filter>
    </ClInclude>
    <ClInclude Include="Graphics\DebugWindow.h">
      <Filter>Header Files</Filter>
    </ClInclude>
    <ClInclude Include="Shaders\FogShader.h">
      <Filter>Header Files</Filter>
    </ClInclude>
    <ClInclude Include="Shaders\ClipPlaneShader.h">
      <Filter>Header Files</Filter>
    </ClInclude>
    <ClInclude Include="Shaders\TranslateShader.h">
      <Filter>Header Files</Filter>
    </ClInclude>
    <ClInclude Include="Shaders\TransparentShader.h">
      <Filter>Header Files</Filter>
    </ClInclude>
    <ClInclude Include="Shaders\ReflectionShader.h">
      <Filter>Header Files</Filter>
    </ClInclude>
    <ClInclude Include="Shaders\FadeShader.h">
      <Filter>Header Files</Filter>
    </ClInclude>
    <ClInclude Include="Shaders\WaterShader.h">
      <Filter>Header Files</Filter>
    </ClInclude>
    <ClInclude Include="Shaders\RefractionShader.h">
      <Filter>Header Files</Filter>
    </ClInclude>
    <ClInclude Include="Shaders\PointLightShader.h">
      <Filter>Header Files</Filter>
    </ClInclude>
    <ClInclude Include="Shaders\GlassShader.h">
      <Filter>Header Files</Filter>
    </ClInclude>
    <ClInclude Include="Shaders\FireShader.h">
      <Filter>Header Files</Filter>
    </ClInclude>
    <ClInclude Include="Shaders\DepthShader.h">
      <Filter>Header Files</Filter>
    </ClInclude>
    <ClInclude Include="Shaders\HorizontalBlurShader.h">
      <Filter>Header Files</Filter>
    </ClInclude>
    <ClInclude Include="Shaders\VerticalBlurShader.h">
      <Filter>Header Files</Filter>
    </ClInclude>
    <ClInclude Include="Objects\OrthoWindow.h">
      <Filter>Header Files</Filter>
    </ClInclude>
    <ClInclude Include="Objects\InstanceModel.h">
      <Filter>Header Files</Filter>
    </ClInclude>
    <ClInclude Include="Shaders\InstanceTextureShader.h">
      <Filter>Header Files</Filter>
    </ClInclude>
    <ClInclude Include="Shaders\TSColorShader.h">
      <Filter>Header Files</Filter>
    </ClInclude>
    <ClInclude Include="Objects\TS_TestModel.h">
      <Filter>Header Files</Filter>
    </ClInclude>
    <ClInclude Include="Graphics\ParticleSystem.h">
      <Filter>Header Files</Filter>
    </ClInclude>
    <ClInclude Include="Shaders\ParticleShader.h">
      <Filter>Header Files</Filter>
    </ClInclude>
    <ClInclude Include="Shaders\ShadowShader.h">
      <Filter>Header Files</Filter>
    </ClInclude>
  </ItemGroup>
  <ItemGroup>
    <FxCompile Include="Shaders\SolidColorVS.hlsl" />
    <FxCompile Include="Shaders\SolidColorPS.hlsl" />
    <FxCompile Include="Shaders\DiffuseLightingVS.hlsl" />
    <FxCompile Include="Shaders\DiffuseLightingPS.hlsl" />
    <FxCompile Include="Shaders\SpecularLightingVS.hlsl" />
    <FxCompile Include="Shaders\SpecularLightingPS.hlsl" />
    <FxCompile Include="Shaders\MultiTextureVS.hlsl" />
    <FxCompile Include="Shaders\MultiTexturePS.hlsl" />
    <FxCompile Include="Shaders\LightMapVS.hlsl" />
    <FxCompile Include="Shaders\LightMapPS.hlsl" />
    <FxCompile Include="Shaders\AlphaMapVS.hlsl" />
    <FxCompile Include="Shaders\AlphaMapPS.hlsl" />
    <FxCompile Include="Shaders\BumpMapVS.hlsl" />
    <FxCompile Include="Shaders\BumpMapPS.hlsl" />
    <FxCompile Include="Shaders\SpecularMapVS.hlsl" />
    <FxCompile Include="Shaders\SpecularMapPS.hlsl" />
    <FxCompile Include="Shaders\TextureVS.hlsl" />
    <FxCompile Include="Shaders\TexturePS.hlsl" />
    <FxCompile Include="Shaders\FogVS.hlsl" />
    <FxCompile Include="Shaders\FogPS.hlsl" />
    <FxCompile Include="Shaders\ClipPlaneVS.hlsl" />
    <FxCompile Include="Shaders\ClipPlanePS.hlsl" />
    <FxCompile Include="Shaders\TranslateVS.hlsl" />
    <FxCompile Include="Shaders\TranslatePS.hlsl" />
    <FxCompile Include="Shaders\TransparentVS.hlsl" />
    <FxCompile Include="Shaders\TransparentPS.hlsl" />
    <FxCompile Include="Shaders\ReflectionVS.hlsl" />
    <FxCompile Include="Shaders\ReflectionPS.hlsl" />
    <FxCompile Include="Shaders\FadeVS.hlsl" />
    <FxCompile Include="Shaders\FadePS.hlsl" />
    <FxCompile Include="Shaders\WaterVS.hlsl" />
    <FxCompile Include="Shaders\WaterPS.hlsl" />
    <FxCompile Include="Shaders\RefractionVS.hlsl" />
    <FxCompile Include="Shaders\RefractionPS.hlsl" />
    <FxCompile Include="Shaders\PointLightVS.hlsl" />
    <FxCompile Include="Shaders\PointLightPS.hlsl" />
    <FxCompile Include="Shaders\GlassVS.hlsl" />
    <FxCompile Include="Shaders\GlassPS.hlsl" />
    <FxCompile Include="Shaders\FireVS.hlsl" />
    <FxCompile Include="Shaders\FirePS.hlsl" />
    <FxCompile Include="Shaders\DepthVS.hlsl" />
    <FxCompile Include="Shaders\DepthPS.hlsl" />
    <FxCompile Include="Shaders\HorizontalBlurVS.hlsl" />
    <FxCompile Include="Shaders\HorizontalBlurPS.hlsl" />
    <FxCompile Include="Shaders\VerticalBlurVS.hlsl" />
    <FxCompile Include="Shaders\VerticalBlurPS.hlsl" />
    <FxCompile Include="Shaders\InstanceTextureVS.hlsl" />
    <FxCompile Include="Shaders\InstanceTexturePS.hlsl" />
    <FxCompile Include="Shaders\ColorTS_VS.hlsl" />
    <FxCompile Include="Shaders\ColorTS_HS.hlsl" />
    <FxCompile Include="Shaders\ColorTS_DS.hlsl" />
    <FxCompile Include="Shaders\ColorTS_PS.hlsl" />
    <FxCompile Include="Shaders\ParticleVS.hlsl" />
    <FxCompile Include="Shaders\ParticlePS.hlsl" />
    <FxCompile Include="Shaders\ShadowVS.hlsl" />
    <FxCompile Include="Shaders\ShadowPS.hlsl" />
  </ItemGroup>
  <ItemGroup>
    <None Include="dxtex\DirectXTex.inl">
      <Filter>Header Files</Filter>
    </None>
    <None Include="dxerr\DXGetErrorDescription.inl">
      <Filter>Header Files</Filter>
    </None>
    <None Include="dxerr\DXGetErrorString.inl">
      <Filter>Header Files</Filter>
    </None>
    <None Include="dxerr\DXTrace.inl">
      <Filter>Header Files</Filter>
    </None>
    <None Include="Shaders\BumpMapVS.cso" />
  </ItemGroup>
</Project>